
Microsoft Visual Studio Solution File, Format Version 12.00
# Visual Studio Version 17
VisualStudioVersion = 17.2.32630.192
MinimumVisualStudioVersion = 10.0.40219.1
Project("{FAE04EC0-301F-11D3-BF4B-00C04F79EFBC}") = "LineComparision", "LineComparision.csproj", "{88ADCA13-EDD1-42B1-B2CF-B69E1A734997}"
EndProject
Global
	GlobalSection(SolutionConfigurationPlatforms) = preSolution
		Debug|Any CPU = Debug|Any CPU
		Release|Any CPU = Release|Any CPU
	EndGlobalSection
	GlobalSection(ProjectConfigurationPlatforms) = postSolution
		{88ADCA13-EDD1-42B1-B2CF-B69E1A734997}.Debug|Any CPU.ActiveCfg = Debug|Any CPU
		{88ADCA13-EDD1-42B1-B2CF-B69E1A734997}.Debug|Any CPU.Build.0 = Debug|Any CPU
		{88ADCA13-EDD1-42B1-B2CF-B69E1A734997}.Release|Any CPU.ActiveCfg = Release|Any CPU
		{88ADCA13-EDD1-42B1-B2CF-B69E1A734997}.Release|Any CPU.Build.0 = Release|Any CPU
	EndGlobalSection
	GlobalSection(SolutionProperties) = preSolution
		HideSolutionNode = FALSE
	EndGlobalSection
	GlobalSection(ExtensibilityGlobals) = postSolution
		SolutionGuid = {2CC865D4-83A3-4E51-8227-7D345B8CBBBE}
	EndGlobalSection
EndGlobal
